
Microsoft Visual Studio Solution File, Format Version 11.00
# Visual Studio 2010
Project("{E24C65DC-7377-472B-9ABA-BC803B73C61A}") = "HandleSystemInfo", ".", "{D3E05AB0-815F-48BE-9F28-A5E125F6980A}"
	ProjectSection(WebsiteProperties) = preProject
		TargetFrameworkMoniker = ".NETFramework,Version%3Dv4.0"
		Debug.AspNetCompiler.VirtualPath = "/HandleSystemInfo"
		Debug.AspNetCompiler.PhysicalPath = "F:\WebProject\HandleSystemInfo\"
		Debug.AspNetCompiler.TargetPath = "PrecompiledWeb\HandleSystemInfo\"
		Debug.AspNetCompiler.Updateable = "true"
		Debug.AspNetCompiler.ForceOverwrite = "true"
		Debug.AspNetCompiler.FixedNames = "false"
		Debug.AspNetCompiler.Debug = "True"
		Release.AspNetCompiler.VirtualPath = "/HandleSystemInfo"
		Release.AspNetCompiler.PhysicalPath = "F:\WebProject\HandleSystemInfo\"
		Release.AspNetCompiler.TargetPath = "PrecompiledWeb\HandleSystemInfo\"
		Release.AspNetCompiler.Updateable = "true"
		Release.AspNetCompiler.ForceOverwrite = "true"
		Release.AspNetCompiler.FixedNames = "false"
		Release.AspNetCompiler.Debug = "False"
		VWDPort = "25825"
		DefaultWebSiteLanguage = "Visual C#"
	EndProjectSection
EndProject
Global
	GlobalSection(SolutionConfigurationPlatforms) = preSolution
		Debug|Any CPU = Debug|Any CPU
	EndGlobalSection
	GlobalSection(ProjectConfigurationPlatforms) = postSolution
		{D3E05AB0-815F-48BE-9F28-A5E125F6980A}.Debug|Any CPU.ActiveCfg = Debug|Any CPU
		{D3E05AB0-815F-48BE-9F28-A5E125F6980A}.Debug|Any CPU.Build.0 = Debug|Any CPU
	EndGlobalSection
	GlobalSection(SolutionProperties) = preSolution
		HideSolutionNode = FALSE
	EndGlobalSection
EndGlobal
